
Microsoft Visual Studio Solution File, Format Version 12.00
# Visual Studio Version 16
VisualStudioVersion = 16.0.28729.10
MinimumVisualStudioVersion = 10.0.40219.1
Project("{9A19103F-16F7-4668-BE54-9A1E7A4F7556}") = "SiltonFoundation", "SiltonFoundation\SiltonFoundation.csproj", "{0B37C030-A810-4ED7-8ED8-9D786C27E2A9}"
EndProject
Global
	GlobalSection(SolutionConfigurationPlatforms) = preSolution
		Debug|Any CPU = Debug|Any CPU
		Release|Any CPU = Release|Any CPU
	EndGlobalSection
	GlobalSection(ProjectConfigurationPlatforms) = postSolution
		{0B37C030-A810-4ED7-8ED8-9D786C27E2A9}.Debug|Any CPU.ActiveCfg = Debug|Any CPU
		{0B37C030-A810-4ED7-8ED8-9D786C27E2A9}.Debug|Any CPU.Build.0 = Debug|Any CPU
		{0B37C030-A810-4ED7-8ED8-9D786C27E2A9}.Release|Any CPU.ActiveCfg = Release|Any CPU
		{0B37C030-A810-4ED7-8ED8-9D786C27E2A9}.Release|Any CPU.Build.0 = Release|Any CPU
	EndGlobalSection
	GlobalSection(SolutionProperties) = preSolution
		HideSolutionNode = FALSE
	EndGlobalSection
	GlobalSection(ExtensibilityGlobals) = postSolution
		SolutionGuid = {25F956FA-9F5F-4915-A468-9C422696515E}
	EndGlobalSection
EndGlobal
